// !$*UTF8*$!
{
	archiveVersion = 1;
	classes = {
	};
	objectVersion = 56;
	objects = {

/* Begin PBXBuildFile section */
		F02F29102AE2437D001D78F1 /* User.swift in Sources */ = {isa = PBXBuildFile; fileRef = F02F290F2AE2437D001D78F1 /* User.swift */; };
		F02F29132AE2462F001D78F1 /* UserService.swift in Sources */ = {isa = PBXBuildFile; fileRef = F02F29122AE2462F001D78F1 /* UserService.swift */; };
		F02F29162AE24702001D78F1 /* ProfileViewModel.swift in Sources */ = {isa = PBXBuildFile; fileRef = F02F29152AE24702001D78F1 /* ProfileViewModel.swift */; };
		F05950182AA63341001920B6 /* ThreadCell.swift in Sources */ = {isa = PBXBuildFile; fileRef = F05950172AA63341001920B6 /* ThreadCell.swift */; };
		F0792E4F2AA3D7C0003A1581 /* ThreadsApp.swift in Sources */ = {isa = PBXBuildFile; fileRef = F0792E4E2AA3D7C0003A1581 /* ThreadsApp.swift */; };
		F0792E512AA3D7C0003A1581 /* ContentView.swift in Sources */ = {isa = PBXBuildFile; fileRef = F0792E502AA3D7C0003A1581 /* ContentView.swift */; };
		F0792E532AA3D7C1003A1581 /* Assets.xcassets in Resources */ = {isa = PBXBuildFile; fileRef = F0792E522AA3D7C1003A1581 /* Assets.xcassets */; };
		F0792E562AA3D7C1003A1581 /* Preview Assets.xcassets in Resources */ = {isa = PBXBuildFile; fileRef = F0792E552AA3D7C1003A1581 /* Preview Assets.xcassets */; };
		F0792E672AA3D844003A1581 /* LoginView.swift in Sources */ = {isa = PBXBuildFile; fileRef = F0792E662AA3D844003A1581 /* LoginView.swift */; };
		F0792E692AA3E2B0003A1581 /* RegistrationView.swift in Sources */ = {isa = PBXBuildFile; fileRef = F0792E682AA3E2B0003A1581 /* RegistrationView.swift */; };
		F0792E6C2AA3E3BB003A1581 /* ThreadsTextFieldModifier.swift in Sources */ = {isa = PBXBuildFile; fileRef = F0792E6B2AA3E3BB003A1581 /* ThreadsTextFieldModifier.swift */; };
		F0792E6E2AA3E51D003A1581 /* AuthButtonModifier.swift in Sources */ = {isa = PBXBuildFile; fileRef = F0792E6D2AA3E51D003A1581 /* AuthButtonModifier.swift */; };
		F0792E712AA3E690003A1581 /* ThreadsTabView.swift in Sources */ = {isa = PBXBuildFile; fileRef = F0792E702AA3E690003A1581 /* ThreadsTabView.swift */; };
		F0792E752AA3E891003A1581 /* FeedView.swift in Sources */ = {isa = PBXBuildFile; fileRef = F0792E742AA3E891003A1581 /* FeedView.swift */; };
		F0792E792AA3E8BE003A1581 /* ExploreView.swift in Sources */ = {isa = PBXBuildFile; fileRef = F0792E782AA3E8BE003A1581 /* ExploreView.swift */; };
		F0792E7D2AA3E8F0003A1581 /* ThreadCreationView.swift in Sources */ = {isa = PBXBuildFile; fileRef = F0792E7C2AA3E8F0003A1581 /* ThreadCreationView.swift */; };
		F0792E812AA3E92B003A1581 /* ActivityView.swift in Sources */ = {isa = PBXBuildFile; fileRef = F0792E802AA3E92B003A1581 /* ActivityView.swift */; };
		F0792E852AA3E95A003A1581 /* ProfileView.swift in Sources */ = {isa = PBXBuildFile; fileRef = F0792E842AA3E95A003A1581 /* ProfileView.swift */; };
		F08282682AE0F17700573CD3 /* RegistrationViewModel.swift in Sources */ = {isa = PBXBuildFile; fileRef = F08282672AE0F17700573CD3 /* RegistrationViewModel.swift */; };
		F082826A2AE0F24900573CD3 /* AuthService.swift in Sources */ = {isa = PBXBuildFile; fileRef = F08282692AE0F24900573CD3 /* AuthService.swift */; };
		F082826E2AE0F64500573CD3 /* ContentViewModel.swift in Sources */ = {isa = PBXBuildFile; fileRef = F082826D2AE0F64500573CD3 /* ContentViewModel.swift */; };
		F08282702AE0F91E00573CD3 /* LoginViewModel.swift in Sources */ = {isa = PBXBuildFile; fileRef = F082826F2AE0F91E00573CD3 /* LoginViewModel.swift */; };
		F08D3F3D2AA6628B00FBF085 /* CircularProfileImageView.swift in Sources */ = {isa = PBXBuildFile; fileRef = F08D3F3C2AA6628B00FBF085 /* CircularProfileImageView.swift */; };
		F08D3F3F2AA6630400FBF085 /* UserCell.swift in Sources */ = {isa = PBXBuildFile; fileRef = F08D3F3E2AA6630400FBF085 /* UserCell.swift */; };
		F08D3F422AA666F900FBF085 /* ProfileThreadFilter.swift in Sources */ = {isa = PBXBuildFile; fileRef = F08D3F412AA666F900FBF085 /* ProfileThreadFilter.swift */; };
		F0B526232AA6B54F0082E8D2 /* EditProfileView.swift in Sources */ = {isa = PBXBuildFile; fileRef = F0B526222AA6B54F0082E8D2 /* EditProfileView.swift */; };
		F0FE8F572AE048A1007EEC49 /* GoogleService-Info.plist in Resources */ = {isa = PBXBuildFile; fileRef = F0FE8F562AE048A1007EEC49 /* GoogleService-Info.plist */; };
		F0FE8F5A2AE04A41007EEC49 /* FirebaseAnalytics in Frameworks */ = {isa = PBXBuildFile; productRef = F0FE8F592AE04A41007EEC49 /* FirebaseAnalytics */; };
		F0FE8F5C2AE04A41007EEC49 /* FirebaseAnalyticsOnDeviceConversion in Frameworks */ = {isa = PBXBuildFile; productRef = F0FE8F5B2AE04A41007EEC49 /* FirebaseAnalyticsOnDeviceConversion */; };
		F0FE8F5E2AE04A41007EEC49 /* FirebaseAnalyticsSwift in Frameworks */ = {isa = PBXBuildFile; productRef = F0FE8F5D2AE04A41007EEC49 /* FirebaseAnalyticsSwift */; };
		F0FE8F602AE04A41007EEC49 /* FirebaseAnalyticsWithoutAdIdSupport in Frameworks */ = {isa = PBXBuildFile; productRef = F0FE8F5F2AE04A41007EEC49 /* FirebaseAnalyticsWithoutAdIdSupport */; };
		F0FE8F622AE04A41007EEC49 /* FirebaseAppCheck in Frameworks */ = {isa = PBXBuildFile; productRef = F0FE8F612AE04A41007EEC49 /* FirebaseAppCheck */; };
		F0FE8F642AE04A41007EEC49 /* FirebaseAppDistribution-Beta in Frameworks */ = {isa = PBXBuildFile; productRef = F0FE8F632AE04A41007EEC49 /* FirebaseAppDistribution-Beta */; };
		F0FE8F662AE04A41007EEC49 /* FirebaseAuth in Frameworks */ = {isa = PBXBuildFile; productRef = F0FE8F652AE04A41007EEC49 /* FirebaseAuth */; };
		F0FE8F682AE04A41007EEC49 /* FirebaseAuthCombine-Community in Frameworks */ = {isa = PBXBuildFile; productRef = F0FE8F672AE04A41007EEC49 /* FirebaseAuthCombine-Community */; };
		F0FE8F6A2AE04A41007EEC49 /* FirebaseCrashlytics in Frameworks */ = {isa = PBXBuildFile; productRef = F0FE8F692AE04A41007EEC49 /* FirebaseCrashlytics */; };
		F0FE8F6C2AE04A41007EEC49 /* FirebaseDatabase in Frameworks */ = {isa = PBXBuildFile; productRef = F0FE8F6B2AE04A41007EEC49 /* FirebaseDatabase */; };
		F0FE8F6E2AE04A41007EEC49 /* FirebaseDatabaseSwift in Frameworks */ = {isa = PBXBuildFile; productRef = F0FE8F6D2AE04A41007EEC49 /* FirebaseDatabaseSwift */; };
		F0FE8F702AE04A41007EEC49 /* FirebaseDynamicLinks in Frameworks */ = {isa = PBXBuildFile; productRef = F0FE8F6F2AE04A41007EEC49 /* FirebaseDynamicLinks */; };
		F0FE8F722AE04A41007EEC49 /* FirebaseFirestore in Frameworks */ = {isa = PBXBuildFile; productRef = F0FE8F712AE04A41007EEC49 /* FirebaseFirestore */; };
		F0FE8F742AE04A41007EEC49 /* FirebaseFirestoreCombine-Community in Frameworks */ = {isa = PBXBuildFile; productRef = F0FE8F732AE04A41007EEC49 /* FirebaseFirestoreCombine-Community */; };
		F0FE8F762AE04A41007EEC49 /* FirebaseFirestoreSwift in Frameworks */ = {isa = PBXBuildFile; productRef = F0FE8F752AE04A41007EEC49 /* FirebaseFirestoreSwift */; };
		F0FE8F782AE04A41007EEC49 /* FirebaseFunctions in Frameworks */ = {isa = PBXBuildFile; productRef = F0FE8F772AE04A41007EEC49 /* FirebaseFunctions */; };
		F0FE8F7A2AE04A41007EEC49 /* FirebaseFunctionsCombine-Community in Frameworks */ = {isa = PBXBuildFile; productRef = F0FE8F792AE04A41007EEC49 /* FirebaseFunctionsCombine-Community */; };
		F0FE8F7C2AE04A41007EEC49 /* FirebaseInAppMessaging-Beta in Frameworks */ = {isa = PBXBuildFile; productRef = F0FE8F7B2AE04A41007EEC49 /* FirebaseInAppMessaging-Beta */; };
		F0FE8F7E2AE04A41007EEC49 /* FirebaseInAppMessagingSwift-Beta in Frameworks */ = {isa = PBXBuildFile; productRef = F0FE8F7D2AE04A41007EEC49 /* FirebaseInAppMessagingSwift-Beta */; };
		F0FE8F802AE04A41007EEC49 /* FirebaseInstallations in Frameworks */ = {isa = PBXBuildFile; productRef = F0FE8F7F2AE04A41007EEC49 /* FirebaseInstallations */; };
		F0FE8F822AE04A41007EEC49 /* FirebaseMLModelDownloader in Frameworks */ = {isa = PBXBuildFile; productRef = F0FE8F812AE04A41007EEC49 /* FirebaseMLModelDownloader */; };
		F0FE8F842AE04A41007EEC49 /* FirebaseMessaging in Frameworks */ = {isa = PBXBuildFile; productRef = F0FE8F832AE04A41007EEC49 /* FirebaseMessaging */; };
		F0FE8F862AE04A41007EEC49 /* FirebasePerformance in Frameworks */ = {isa = PBXBuildFile; productRef = F0FE8F852AE04A41007EEC49 /* FirebasePerformance */; };
		F0FE8F882AE04A41007EEC49 /* FirebaseRemoteConfig in Frameworks */ = {isa = PBXBuildFile; productRef = F0FE8F872AE04A41007EEC49 /* FirebaseRemoteConfig */; };
		F0FE8F8A2AE04A41007EEC49 /* FirebaseRemoteConfigSwift in Frameworks */ = {isa = PBXBuildFile; productRef = F0FE8F892AE04A41007EEC49 /* FirebaseRemoteConfigSwift */; };
		F0FE8F8C2AE04A41007EEC49 /* FirebaseStorage in Frameworks */ = {isa = PBXBuildFile; productRef = F0FE8F8B2AE04A41007EEC49 /* FirebaseStorage */; };
		F0FE8F8E2AE04A41007EEC49 /* FirebaseStorageCombine-Community in Frameworks */ = {isa = PBXBuildFile; productRef = F0FE8F8D2AE04A41007EEC49 /* FirebaseStorageCombine-Community */; };
/* End PBXBuildFile section */

/* Begin PBXFileReference section */
		F02F290F2AE2437D001D78F1 /* User.swift */ = {isa = PBXFileReference; lastKnownFileType = sourcecode.swift; path = User.swift; sourceTree = "<group>"; };
		F02F29122AE2462F001D78F1 /* UserService.swift */ = {isa = PBXFileReference; lastKnownFileType = sourcecode.swift; path = UserService.swift; sourceTree = "<group>"; };
		F02F29152AE24702001D78F1 /* ProfileViewModel.swift */ = {isa = PBXFileReference; lastKnownFileType = sourcecode.swift; path = ProfileViewModel.swift; sourceTree = "<group>"; };
		F05950172AA63341001920B6 /* ThreadCell.swift */ = {isa = PBXFileReference; lastKnownFileType = sourcecode.swift; path = ThreadCell.swift; sourceTree = "<group>"; };
		F0792E4B2AA3D7C0003A1581 /* Threads.app */ = {isa = PBXFileReference; explicitFileType = wrapper.application; includeInIndex = 0; path = Threads.app; sourceTree = BUILT_PRODUCTS_DIR; };
		F0792E4E2AA3D7C0003A1581 /* ThreadsApp.swift */ = {isa = PBXFileReference; lastKnownFileType = sourcecode.swift; path = ThreadsApp.swift; sourceTree = "<group>"; };
		F0792E502AA3D7C0003A1581 /* ContentView.swift */ = {isa = PBXFileReference; lastKnownFileType = sourcecode.swift; path = ContentView.swift; sourceTree = "<group>"; };
		F0792E522AA3D7C1003A1581 /* Assets.xcassets */ = {isa = PBXFileReference; lastKnownFileType = folder.assetcatalog; path = Assets.xcassets; sourceTree = "<group>"; };
		F0792E552AA3D7C1003A1581 /* Preview Assets.xcassets */ = {isa = PBXFileReference; lastKnownFileType = folder.assetcatalog; path = "Preview Assets.xcassets"; sourceTree = "<group>"; };
		F0792E662AA3D844003A1581 /* LoginView.swift */ = {isa = PBXFileReference; lastKnownFileType = sourcecode.swift; path = LoginView.swift; sourceTree = "<group>"; };
		F0792E682AA3E2B0003A1581 /* RegistrationView.swift */ = {isa = PBXFileReference; lastKnownFileType = sourcecode.swift; path = RegistrationView.swift; sourceTree = "<group>"; };
		F0792E6B2AA3E3BB003A1581 /* ThreadsTextFieldModifier.swift */ = {isa = PBXFileReference; lastKnownFileType = sourcecode.swift; path = ThreadsTextFieldModifier.swift; sourceTree = "<group>"; };
		F0792E6D2AA3E51D003A1581 /* AuthButtonModifier.swift */ = {isa = PBXFileReference; lastKnownFileType = sourcecode.swift; path = AuthButtonModifier.swift; sourceTree = "<group>"; };
		F0792E702AA3E690003A1581 /* ThreadsTabView.swift */ = {isa = PBXFileReference; lastKnownFileType = sourcecode.swift; path = ThreadsTabView.swift; sourceTree = "<group>"; };
		F0792E742AA3E891003A1581 /* FeedView.swift */ = {isa = PBXFileReference; lastKnownFileType = sourcecode.swift; path = FeedView.swift; sourceTree = "<group>"; };
		F0792E782AA3E8BE003A1581 /* ExploreView.swift */ = {isa = PBXFileReference; lastKnownFileType = sourcecode.swift; path = ExploreView.swift; sourceTree = "<group>"; };
		F0792E7C2AA3E8F0003A1581 /* ThreadCreationView.swift */ = {isa = PBXFileReference; lastKnownFileType = sourcecode.swift; path = ThreadCreationView.swift; sourceTree = "<group>"; };
		F0792E802AA3E92B003A1581 /* ActivityView.swift */ = {isa = PBXFileReference; lastKnownFileType = sourcecode.swift; path = ActivityView.swift; sourceTree = "<group>"; };
		F0792E842AA3E95A003A1581 /* ProfileView.swift */ = {isa = PBXFileReference; lastKnownFileType = sourcecode.swift; path = ProfileView.swift; sourceTree = "<group>"; };
		F08282672AE0F17700573CD3 /* RegistrationViewModel.swift */ = {isa = PBXFileReference; lastKnownFileType = sourcecode.swift; path = RegistrationViewModel.swift; sourceTree = "<group>"; };
		F08282692AE0F24900573CD3 /* AuthService.swift */ = {isa = PBXFileReference; lastKnownFileType = sourcecode.swift; path = AuthService.swift; sourceTree = "<group>"; };
		F082826D2AE0F64500573CD3 /* ContentViewModel.swift */ = {isa = PBXFileReference; lastKnownFileType = sourcecode.swift; path = ContentViewModel.swift; sourceTree = "<group>"; };
		F082826F2AE0F91E00573CD3 /* LoginViewModel.swift */ = {isa = PBXFileReference; lastKnownFileType = sourcecode.swift; path = LoginViewModel.swift; sourceTree = "<group>"; };
		F08D3F3C2AA6628B00FBF085 /* CircularProfileImageView.swift */ = {isa = PBXFileReference; lastKnownFileType = sourcecode.swift; path = CircularProfileImageView.swift; sourceTree = "<group>"; };
		F08D3F3E2AA6630400FBF085 /* UserCell.swift */ = {isa = PBXFileReference; lastKnownFileType = sourcecode.swift; path = UserCell.swift; sourceTree = "<group>"; };
		F08D3F412AA666F900FBF085 /* ProfileThreadFilter.swift */ = {isa = PBXFileReference; lastKnownFileType = sourcecode.swift; path = ProfileThreadFilter.swift; sourceTree = "<group>"; };
		F0B526222AA6B54F0082E8D2 /* EditProfileView.swift */ = {isa = PBXFileReference; lastKnownFileType = sourcecode.swift; path = EditProfileView.swift; sourceTree = "<group>"; };
		F0FE8F562AE048A1007EEC49 /* GoogleService-Info.plist */ = {isa = PBXFileReference; fileEncoding = 4; lastKnownFileType = text.plist.xml; path = "GoogleService-Info.plist"; sourceTree = "<group>"; };
/* End PBXFileReference section */

/* Begin PBXFrameworksBuildPhase section */
		F0792E482AA3D7C0003A1581 /* Frameworks */ = {
			isa = PBXFrameworksBuildPhase;
			buildActionMask = 2147483647;
			files = (
				F0FE8F6C2AE04A41007EEC49 /* FirebaseDatabase in Frameworks */,
				F0FE8F7A2AE04A41007EEC49 /* FirebaseFunctionsCombine-Community in Frameworks */,
				F0FE8F722AE04A41007EEC49 /* FirebaseFirestore in Frameworks */,
				F0FE8F5E2AE04A41007EEC49 /* FirebaseAnalyticsSwift in Frameworks */,
				F0FE8F5A2AE04A41007EEC49 /* FirebaseAnalytics in Frameworks */,
				F0FE8F5C2AE04A41007EEC49 /* FirebaseAnalyticsOnDeviceConversion in Frameworks */,
				F0FE8F822AE04A41007EEC49 /* FirebaseMLModelDownloader in Frameworks */,
				F0FE8F762AE04A41007EEC49 /* FirebaseFirestoreSwift in Frameworks */,
				F0FE8F622AE04A41007EEC49 /* FirebaseAppCheck in Frameworks */,
				F0FE8F602AE04A41007EEC49 /* FirebaseAnalyticsWithoutAdIdSupport in Frameworks */,
				F0FE8F662AE04A41007EEC49 /* FirebaseAuth in Frameworks */,
				F0FE8F6A2AE04A41007EEC49 /* FirebaseCrashlytics in Frameworks */,
				F0FE8F8A2AE04A41007EEC49 /* FirebaseRemoteConfigSwift in Frameworks */,
				F0FE8F7C2AE04A41007EEC49 /* FirebaseInAppMessaging-Beta in Frameworks */,
				F0FE8F6E2AE04A41007EEC49 /* FirebaseDatabaseSwift in Frameworks */,
				F0FE8F782AE04A41007EEC49 /* FirebaseFunctions in Frameworks */,
				F0FE8F8E2AE04A41007EEC49 /* FirebaseStorageCombine-Community in Frameworks */,
				F0FE8F882AE04A41007EEC49 /* FirebaseRemoteConfig in Frameworks */,
				F0FE8F642AE04A41007EEC49 /* FirebaseAppDistribution-Beta in Frameworks */,
				F0FE8F682AE04A41007EEC49 /* FirebaseAuthCombine-Community in Frameworks */,
				F0FE8F862AE04A41007EEC49 /* FirebasePerformance in Frameworks */,
				F0FE8F7E2AE04A41007EEC49 /* FirebaseInAppMessagingSwift-Beta in Frameworks */,
				F0FE8F8C2AE04A41007EEC49 /* FirebaseStorage in Frameworks */,
				F0FE8F702AE04A41007EEC49 /* FirebaseDynamicLinks in Frameworks */,
				F0FE8F742AE04A41007EEC49 /* FirebaseFirestoreCombine-Community in Frameworks */,
				F0FE8F842AE04A41007EEC49 /* FirebaseMessaging in Frameworks */,
				F0FE8F802AE04A41007EEC49 /* FirebaseInstallations in Frameworks */,
			);
			runOnlyForDeploymentPostprocessing = 0;
		};
/* End PBXFrameworksBuildPhase section */

/* Begin PBXGroup section */
		F02F290E2AE24370001D78F1 /* Model */ = {
			isa = PBXGroup;
			children = (
				F02F290F2AE2437D001D78F1 /* User.swift */,
			);
			path = Model;
			sourceTree = "<group>";
		};
		F02F29112AE24620001D78F1 /* Services */ = {
			isa = PBXGroup;
			children = (
				F02F29122AE2462F001D78F1 /* UserService.swift */,
			);
			path = Services;
			sourceTree = "<group>";
		};
		F02F29142AE246F5001D78F1 /* ViewModel */ = {
			isa = PBXGroup;
			children = (
				F02F29152AE24702001D78F1 /* ProfileViewModel.swift */,
			);
			path = ViewModel;
			sourceTree = "<group>";
		};
		F0792E422AA3D7C0003A1581 = {
			isa = PBXGroup;
			children = (
				F0792E4D2AA3D7C0003A1581 /* Threads */,
				F0792E4C2AA3D7C0003A1581 /* Products */,
			);
			sourceTree = "<group>";
		};
		F0792E4C2AA3D7C0003A1581 /* Products */ = {
			isa = PBXGroup;
			children = (
				F0792E4B2AA3D7C0003A1581 /* Threads.app */,
			);
			name = Products;
			sourceTree = "<group>";
		};
		F0792E4D2AA3D7C0003A1581 /* Threads */ = {
			isa = PBXGroup;
			children = (
				F0792E612AA3D7E2003A1581 /* App */,
				F0792E602AA3D7D3003A1581 /* Core */,
				F02F290E2AE24370001D78F1 /* Model */,
				F02F29112AE24620001D78F1 /* Services */,
				F0792E5C2AA3D7CF003A1581 /* Utils */,
				F0792E522AA3D7C1003A1581 /* Assets.xcassets */,
				F0FE8F562AE048A1007EEC49 /* GoogleService-Info.plist */,
				F0792E542AA3D7C1003A1581 /* Preview Content */,
			);
			path = Threads;
			sourceTree = "<group>";
		};
		F0792E542AA3D7C1003A1581 /* Preview Content */ = {
			isa = PBXGroup;
			children = (
				F0792E552AA3D7C1003A1581 /* Preview Assets.xcassets */,
			);
			path = "Preview Content";
			sourceTree = "<group>";
		};
		F0792E5C2AA3D7CF003A1581 /* Utils */ = {
			isa = PBXGroup;
			children = (
				F0792E6A2AA3E3AB003A1581 /* ViewModifiers */,
			);
			path = Utils;
			sourceTree = "<group>";
		};
		F0792E602AA3D7D3003A1581 /* Core */ = {
			isa = PBXGroup;
			children = (
				F0792E7E2AA3E91B003A1581 /* Activity */,
				F0792E632AA3D812003A1581 /* Authentication */,
				F08D3F3B2AA6626400FBF085 /* Components */,
				F0792E762AA3E8B2003A1581 /* Explore */,
				F0792E722AA3E87E003A1581 /* Feed */,
				F0792E822AA3E952003A1581 /* Profile */,
				F0792E622AA3D811003A1581 /* Root */,
				F0792E6F2AA3E666003A1581 /* TabBar */,
				F0792E7A2AA3E8E1003A1581 /* ThreadCreation */,
			);
			path = Core;
			sourceTree = "<group>";
		};
		F0792E612AA3D7E2003A1581 /* App */ = {
			isa = PBXGroup;
			children = (
				F0792E4E2AA3D7C0003A1581 /* ThreadsApp.swift */,
			);
			path = App;
			sourceTree = "<group>";
		};
		F0792E622AA3D811003A1581 /* Root */ = {
			isa = PBXGroup;
			children = (
				F082826C2AE0F63600573CD3 /* View */,
				F082826B2AE0F62F00573CD3 /* ViewModel */,
			);
			path = Root;
			sourceTree = "<group>";
		};
		F0792E632AA3D812003A1581 /* Authentication */ = {
			isa = PBXGroup;
			children = (
				F0792E652AA3D835003A1581 /* View */,
				F08282662AE0F16800573CD3 /* ViewModel */,
				F08282632AE0F14100573CD3 /* Service */,
			);
			path = Authentication;
			sourceTree = "<group>";
		};
		F0792E652AA3D835003A1581 /* View */ = {
			isa = PBXGroup;
			children = (
				F0792E662AA3D844003A1581 /* LoginView.swift */,
				F0792E682AA3E2B0003A1581 /* RegistrationView.swift */,
			);
			path = View;
			sourceTree = "<group>";
		};
		F0792E6A2AA3E3AB003A1581 /* ViewModifiers */ = {
			isa = PBXGroup;
			children = (
				F0792E6B2AA3E3BB003A1581 /* ThreadsTextFieldModifier.swift */,
				F0792E6D2AA3E51D003A1581 /* AuthButtonModifier.swift */,
			);
			path = ViewModifiers;
			sourceTree = "<group>";
		};
		F0792E6F2AA3E666003A1581 /* TabBar */ = {
			isa = PBXGroup;
			children = (
				F0792E702AA3E690003A1581 /* ThreadsTabView.swift */,
			);
			path = TabBar;
			sourceTree = "<group>";
		};
		F0792E722AA3E87E003A1581 /* Feed */ = {
			isa = PBXGroup;
			children = (
				F0792E732AA3E88B003A1581 /* View */,
			);
			path = Feed;
			sourceTree = "<group>";
		};
		F0792E732AA3E88B003A1581 /* View */ = {
			isa = PBXGroup;
			children = (
				F0792E742AA3E891003A1581 /* FeedView.swift */,
				F05950172AA63341001920B6 /* ThreadCell.swift */,
			);
			path = View;
			sourceTree = "<group>";
		};
		F0792E762AA3E8B2003A1581 /* Explore */ = {
			isa = PBXGroup;
			children = (
				F0792E772AA3E8B7003A1581 /* View */,
			);
			path = Explore;
			sourceTree = "<group>";
		};
		F0792E772AA3E8B7003A1581 /* View */ = {
			isa = PBXGroup;
			children = (
				F0792E782AA3E8BE003A1581 /* ExploreView.swift */,
			);
			path = View;
			sourceTree = "<group>";
		};
		F0792E7A2AA3E8E1003A1581 /* ThreadCreation */ = {
			isa = PBXGroup;
			children = (
				F0792E7B2AA3E8ED003A1581 /* View */,
			);
			path = ThreadCreation;
			sourceTree = "<group>";
		};
		F0792E7B2AA3E8ED003A1581 /* View */ = {
			isa = PBXGroup;
			children = (
				F0792E7C2AA3E8F0003A1581 /* ThreadCreationView.swift */,
			);
			path = View;
			sourceTree = "<group>";
		};
		F0792E7E2AA3E91B003A1581 /* Activity */ = {
			isa = PBXGroup;
			children = (
				F0792E7F2AA3E924003A1581 /* View */,
			);
			path = Activity;
			sourceTree = "<group>";
		};
		F0792E7F2AA3E924003A1581 /* View */ = {
			isa = PBXGroup;
			children = (
				F0792E802AA3E92B003A1581 /* ActivityView.swift */,
			);
			path = View;
			sourceTree = "<group>";
		};
		F0792E822AA3E952003A1581 /* Profile */ = {
			isa = PBXGroup;
			children = (
				F0B526202AA6B5260082E8D2 /* EditProfile */,
				F08D3F402AA666EC00FBF085 /* Model */,
				F0792E832AA3E954003A1581 /* View */,
				F02F29142AE246F5001D78F1 /* ViewModel */,
			);
			path = Profile;
			sourceTree = "<group>";
		};
		F0792E832AA3E954003A1581 /* View */ = {
			isa = PBXGroup;
			children = (
				F0792E842AA3E95A003A1581 /* ProfileView.swift */,
			);
			path = View;
			sourceTree = "<group>";
		};
		F08282632AE0F14100573CD3 /* Service */ = {
			isa = PBXGroup;
			children = (
				F08282692AE0F24900573CD3 /* AuthService.swift */,
			);
			path = Service;
			sourceTree = "<group>";
		};
		F08282662AE0F16800573CD3 /* ViewModel */ = {
			isa = PBXGroup;
			children = (
				F08282672AE0F17700573CD3 /* RegistrationViewModel.swift */,
				F082826F2AE0F91E00573CD3 /* LoginViewModel.swift */,
			);
			path = ViewModel;
			sourceTree = "<group>";
		};
		F082826B2AE0F62F00573CD3 /* ViewModel */ = {
			isa = PBXGroup;
			children = (
				F082826D2AE0F64500573CD3 /* ContentViewModel.swift */,
			);
			path = ViewModel;
			sourceTree = "<group>";
		};
		F082826C2AE0F63600573CD3 /* View */ = {
			isa = PBXGroup;
			children = (
				F0792E502AA3D7C0003A1581 /* ContentView.swift */,
			);
			path = View;
			sourceTree = "<group>";
		};
		F08D3F3B2AA6626400FBF085 /* Components */ = {
			isa = PBXGroup;
			children = (
				F08D3F3C2AA6628B00FBF085 /* CircularProfileImageView.swift */,
				F08D3F3E2AA6630400FBF085 /* UserCell.swift */,
			);
			path = Components;
			sourceTree = "<group>";
		};
		F08D3F402AA666EC00FBF085 /* Model */ = {
			isa = PBXGroup;
			children = (
				F08D3F412AA666F900FBF085 /* ProfileThreadFilter.swift */,
			);
			path = Model;
			sourceTree = "<group>";
		};
		F0B526202AA6B5260082E8D2 /* EditProfile */ = {
			isa = PBXGroup;
			children = (
				F0B526212AA6B53F0082E8D2 /* View */,
			);
			path = EditProfile;
			sourceTree = "<group>";
		};
		F0B526212AA6B53F0082E8D2 /* View */ = {
			isa = PBXGroup;
			children = (
				F0B526222AA6B54F0082E8D2 /* EditProfileView.swift */,
			);
			path = View;
			sourceTree = "<group>";
		};
/* End PBXGroup section */

/* Begin PBXNativeTarget section */
		F0792E4A2AA3D7C0003A1581 /* Threads */ = {
			isa = PBXNativeTarget;
			buildConfigurationList = F0792E592AA3D7C1003A1581 /* Build configuration list for PBXNativeTarget "Threads" */;
			buildPhases = (
				F0792E472AA3D7C0003A1581 /* Sources */,
				F0792E482AA3D7C0003A1581 /* Frameworks */,
				F0792E492AA3D7C0003A1581 /* Resources */,
			);
			buildRules = (
			);
			dependencies = (
			);
			name = Threads;
			packageProductDependencies = (
				F0FE8F592AE04A41007EEC49 /* FirebaseAnalytics */,
				F0FE8F5B2AE04A41007EEC49 /* FirebaseAnalyticsOnDeviceConversion */,
				F0FE8F5D2AE04A41007EEC49 /* FirebaseAnalyticsSwift */,
				F0FE8F5F2AE04A41007EEC49 /* FirebaseAnalyticsWithoutAdIdSupport */,
				F0FE8F612AE04A41007EEC49 /* FirebaseAppCheck */,
				F0FE8F632AE04A41007EEC49 /* FirebaseAppDistribution-Beta */,
				F0FE8F652AE04A41007EEC49 /* FirebaseAuth */,
				F0FE8F672AE04A41007EEC49 /* FirebaseAuthCombine-Community */,
				F0FE8F692AE04A41007EEC49 /* FirebaseCrashlytics */,
				F0FE8F6B2AE04A41007EEC49 /* FirebaseDatabase */,
				F0FE8F6D2AE04A41007EEC49 /* FirebaseDatabaseSwift */,
				F0FE8F6F2AE04A41007EEC49 /* FirebaseDynamicLinks */,
				F0FE8F712AE04A41007EEC49 /* FirebaseFirestore */,
				F0FE8F732AE04A41007EEC49 /* FirebaseFirestoreCombine-Community */,
				F0FE8F752AE04A41007EEC49 /* FirebaseFirestoreSwift */,
				F0FE8F772AE04A41007EEC49 /* FirebaseFunctions */,
				F0FE8F792AE04A41007EEC49 /* FirebaseFunctionsCombine-Community */,
				F0FE8F7B2AE04A41007EEC49 /* FirebaseInAppMessaging-Beta */,
				F0FE8F7D2AE04A41007EEC49 /* FirebaseInAppMessagingSwift-Beta */,
				F0FE8F7F2AE04A41007EEC49 /* FirebaseInstallations */,
				F0FE8F812AE04A41007EEC49 /* FirebaseMLModelDownloader */,
				F0FE8F832AE04A41007EEC49 /* FirebaseMessaging */,
				F0FE8F852AE04A41007EEC49 /* FirebasePerformance */,
				F0FE8F872AE04A41007EEC49 /* FirebaseRemoteConfig */,
				F0FE8F892AE04A41007EEC49 /* FirebaseRemoteConfigSwift */,
				F0FE8F8B2AE04A41007EEC49 /* FirebaseStorage */,
				F0FE8F8D2AE04A41007EEC49 /* FirebaseStorageCombine-Community */,
			);
			productName = Threads;
			productReference = F0792E4B2AA3D7C0003A1581 /* Threads.app */;
			productType = "com.apple.product-type.application";
		};
/* End PBXNativeTarget section */

/* Begin PBXProject section */
		F0792E432AA3D7C0003A1581 /* Project object */ = {
			isa = PBXProject;
			attributes = {
				BuildIndependentTargetsInParallel = 1;
				LastSwiftUpdateCheck = 1430;
				LastUpgradeCheck = 1500;
				TargetAttributes = {
					F0792E4A2AA3D7C0003A1581 = {
						CreatedOnToolsVersion = 14.3;
					};
				};
			};
			buildConfigurationList = F0792E462AA3D7C0003A1581 /* Build configuration list for PBXProject "Threads" */;
			compatibilityVersion = "Xcode 14.0";
			developmentRegion = en;
			hasScannedForEncodings = 0;
			knownRegions = (
				en,
				Base,
			);
			mainGroup = F0792E422AA3D7C0003A1581;
			packageReferences = (
				F0FE8F582AE04A41007EEC49 /* XCRemoteSwiftPackageReference "firebase-ios-sdk" */,
			);
			productRefGroup = F0792E4C2AA3D7C0003A1581 /* Products */;
			projectDirPath = "";
			projectRoot = "";
			targets = (
				F0792E4A2AA3D7C0003A1581 /* Threads */,
			);
		};
/* End PBXProject section */

/* Begin PBXResourcesBuildPhase section */
		F0792E492AA3D7C0003A1581 /* Resources */ = {
			isa = PBXResourcesBuildPhase;
			buildActionMask = 2147483647;
			files = (
				F0792E562AA3D7C1003A1581 /* Preview Assets.xcassets in Resources */,
				F0792E532AA3D7C1003A1581 /* Assets.xcassets in Resources */,
				F0FE8F572AE048A1007EEC49 /* GoogleService-Info.plist in Resources */,
			);
			runOnlyForDeploymentPostprocessing = 0;
		};
/* End PBXResourcesBuildPhase section */

/* Begin PBXSourcesBuildPhase section */
		F0792E472AA3D7C0003A1581 /* Sources */ = {
			isa = PBXSourcesBuildPhase;
			buildActionMask = 2147483647;
			files = (
				F0792E812AA3E92B003A1581 /* ActivityView.swift in Sources */,
				F08282682AE0F17700573CD3 /* RegistrationViewModel.swift in Sources */,
				F0B526232AA6B54F0082E8D2 /* EditProfileView.swift in Sources */,
				F0792E752AA3E891003A1581 /* FeedView.swift in Sources */,
				F082826E2AE0F64500573CD3 /* ContentViewModel.swift in Sources */,
				F0792E792AA3E8BE003A1581 /* ExploreView.swift in Sources */,
				F02F29162AE24702001D78F1 /* ProfileViewModel.swift in Sources */,
				F08D3F422AA666F900FBF085 /* ProfileThreadFilter.swift in Sources */,
				F02F29132AE2462F001D78F1 /* UserService.swift in Sources */,
				F082826A2AE0F24900573CD3 /* AuthService.swift in Sources */,
				F0792E672AA3D844003A1581 /* LoginView.swift in Sources */,
				F0792E852AA3E95A003A1581 /* ProfileView.swift in Sources */,
				F02F29102AE2437D001D78F1 /* User.swift in Sources */,
				F0792E712AA3E690003A1581 /* ThreadsTabView.swift in Sources */,
				F0792E7D2AA3E8F0003A1581 /* ThreadCreationView.swift in Sources */,
				F08D3F3D2AA6628B00FBF085 /* CircularProfileImageView.swift in Sources */,
				F08D3F3F2AA6630400FBF085 /* UserCell.swift in Sources */,
				F0792E512AA3D7C0003A1581 /* ContentView.swift in Sources */,
				F05950182AA63341001920B6 /* ThreadCell.swift in Sources */,
				F0792E6E2AA3E51D003A1581 /* AuthButtonModifier.swift in Sources */,
				F0792E6C2AA3E3BB003A1581 /* ThreadsTextFieldModifier.swift in Sources */,
				F0792E4F2AA3D7C0003A1581 /* ThreadsApp.swift in Sources */,
				F0792E692AA3E2B0003A1581 /* RegistrationView.swift in Sources */,
				F08282702AE0F91E00573CD3 /* LoginViewModel.swift in Sources */,
			);
			runOnlyForDeploymentPostprocessing = 0;
		};
/* End PBXSourcesBuildPhase section */

/* Begin XCBuildConfiguration section */
		F0792E572AA3D7C1003A1581 /* Debug */ = {
			isa = XCBuildConfiguration;
			buildSettings = {
				ALWAYS_SEARCH_USER_PATHS = NO;
				CLANG_ANALYZER_NONNULL = YES;
				CLANG_ANALYZER_NUMBER_OBJECT_CONVERSION = YES_AGGRESSIVE;
				CLANG_CXX_LANGUAGE_STANDARD = "gnu++20";
				CLANG_ENABLE_MODULES = YES;
				CLANG_ENABLE_OBJC_ARC = YES;
				CLANG_ENABLE_OBJC_WEAK = YES;
				CLANG_WARN_BLOCK_CAPTURE_AUTORELEASING = YES;
				CLANG_WARN_BOOL_CONVERSION = YES;
				CLANG_WARN_COMMA = YES;
				CLANG_WARN_CONSTANT_CONVERSION = YES;
				CLANG_WARN_DEPRECATED_OBJC_IMPLEMENTATIONS = YES;
				CLANG_WARN_DIRECT_OBJC_ISA_USAGE = YES_ERROR;
				CLANG_WARN_DOCUMENTATION_COMMENTS = YES;
				CLANG_WARN_EMPTY_BODY = YES;
				CLANG_WARN_ENUM_CONVERSION = YES;
				CLANG_WARN_INFINITE_RECURSION = YES;
				CLANG_WARN_INT_CONVERSION = YES;
				CLANG_WARN_NON_LITERAL_NULL_CONVERSION = YES;
				CLANG_WARN_OBJC_IMPLICIT_RETAIN_SELF = YES;
				CLANG_WARN_OBJC_LITERAL_CONVERSION = YES;
				CLANG_WARN_OBJC_ROOT_CLASS = YES_ERROR;
				CLANG_WARN_QUOTED_INCLUDE_IN_FRAMEWORK_HEADER = YES;
				CLANG_WARN_RANGE_LOOP_ANALYSIS = YES;
				CLANG_WARN_STRICT_PROTOTYPES = YES;
				CLANG_WARN_SUSPICIOUS_MOVE = YES;
				CLANG_WARN_UNGUARDED_AVAILABILITY = YES_AGGRESSIVE;
				CLANG_WARN_UNREACHABLE_CODE = YES;
				CLANG_WARN__DUPLICATE_METHOD_MATCH = YES;
				COPY_PHASE_STRIP = NO;
				DEBUG_INFORMATION_FORMAT = dwarf;
				ENABLE_STRICT_OBJC_MSGSEND = YES;
				ENABLE_TESTABILITY = YES;
				ENABLE_USER_SCRIPT_SANDBOXING = YES;
				GCC_C_LANGUAGE_STANDARD = gnu11;
				GCC_DYNAMIC_NO_PIC = NO;
				GCC_NO_COMMON_BLOCKS = YES;
				GCC_OPTIMIZATION_LEVEL = 0;
				GCC_PREPROCESSOR_DEFINITIONS = (
					"DEBUG=1",
					"$(inherited)",
				);
				GCC_WARN_64_TO_32_BIT_CONVERSION = YES;
				GCC_WARN_ABOUT_RETURN_TYPE = YES_ERROR;
				GCC_WARN_UNDECLARED_SELECTOR = YES;
				GCC_WARN_UNINITIALIZED_AUTOS = YES_AGGRESSIVE;
				GCC_WARN_UNUSED_FUNCTION = YES;
				GCC_WARN_UNUSED_VARIABLE = YES;
				IPHONEOS_DEPLOYMENT_TARGET = 16.4;
				MTL_ENABLE_DEBUG_INFO = INCLUDE_SOURCE;
				MTL_FAST_MATH = YES;
				ONLY_ACTIVE_ARCH = YES;
				SDKROOT = iphoneos;
				SWIFT_ACTIVE_COMPILATION_CONDITIONS = DEBUG;
				SWIFT_OPTIMIZATION_LEVEL = "-Onone";
			};
			name = Debug;
		};
		F0792E582AA3D7C1003A1581 /* Release */ = {
			isa = XCBuildConfiguration;
			buildSettings = {
				ALWAYS_SEARCH_USER_PATHS = NO;
				CLANG_ANALYZER_NONNULL = YES;
				CLANG_ANALYZER_NUMBER_OBJECT_CONVERSION = YES_AGGRESSIVE;
				CLANG_CXX_LANGUAGE_STANDARD = "gnu++20";
				CLANG_ENABLE_MODULES = YES;
				CLANG_ENABLE_OBJC_ARC = YES;
				CLANG_ENABLE_OBJC_WEAK = YES;
				CLANG_WARN_BLOCK_CAPTURE_AUTORELEASING = YES;
				CLANG_WARN_BOOL_CONVERSION = YES;
				CLANG_WARN_COMMA = YES;
				CLANG_WARN_CONSTANT_CONVERSION = YES;
				CLANG_WARN_DEPRECATED_OBJC_IMPLEMENTATIONS = YES;
				CLANG_WARN_DIRECT_OBJC_ISA_USAGE = YES_ERROR;
				CLANG_WARN_DOCUMENTATION_COMMENTS = YES;
				CLANG_WARN_EMPTY_BODY = YES;
				CLANG_WARN_ENUM_CONVERSION = YES;
				CLANG_WARN_INFINITE_RECURSION = YES;
				CLANG_WARN_INT_CONVERSION = YES;
				CLANG_WARN_NON_LITERAL_NULL_CONVERSION = YES;
				CLANG_WARN_OBJC_IMPLICIT_RETAIN_SELF = YES;
				CLANG_WARN_OBJC_LITERAL_CONVERSION = YES;
				CLANG_WARN_OBJC_ROOT_CLASS = YES_ERROR;
				CLANG_WARN_QUOTED_INCLUDE_IN_FRAMEWORK_HEADER = YES;
				CLANG_WARN_RANGE_LOOP_ANALYSIS = YES;
				CLANG_WARN_STRICT_PROTOTYPES = YES;
				CLANG_WARN_SUSPICIOUS_MOVE = YES;
				CLANG_WARN_UNGUARDED_AVAILABILITY = YES_AGGRESSIVE;
				CLANG_WARN_UNREACHABLE_CODE = YES;
				CLANG_WARN__DUPLICATE_METHOD_MATCH = YES;
				COPY_PHASE_STRIP = NO;
				DEBUG_INFORMATION_FORMAT = "dwarf-with-dsym";
				ENABLE_NS_ASSERTIONS = NO;
				ENABLE_STRICT_OBJC_MSGSEND = YES;
				ENABLE_USER_SCRIPT_SANDBOXING = YES;
				GCC_C_LANGUAGE_STANDARD = gnu11;
				GCC_NO_COMMON_BLOCKS = YES;
				GCC_WARN_64_TO_32_BIT_CONVERSION = YES;
				GCC_WARN_ABOUT_RETURN_TYPE = YES_ERROR;
				GCC_WARN_UNDECLARED_SELECTOR = YES;
				GCC_WARN_UNINITIALIZED_AUTOS = YES_AGGRESSIVE;
				GCC_WARN_UNUSED_FUNCTION = YES;
				GCC_WARN_UNUSED_VARIABLE = YES;
				IPHONEOS_DEPLOYMENT_TARGET = 16.4;
				MTL_ENABLE_DEBUG_INFO = NO;
				MTL_FAST_MATH = YES;
				SDKROOT = iphoneos;
				SWIFT_COMPILATION_MODE = wholemodule;
				SWIFT_OPTIMIZATION_LEVEL = "-O";
				VALIDATE_PRODUCT = YES;
			};
			name = Release;
		};
		F0792E5A2AA3D7C1003A1581 /* Debug */ = {
			isa = XCBuildConfiguration;
			buildSettings = {
				ASSETCATALOG_COMPILER_APPICON_NAME = AppIcon;
				ASSETCATALOG_COMPILER_GLOBAL_ACCENT_COLOR_NAME = AccentColor;
				CODE_SIGN_STYLE = Automatic;
				CURRENT_PROJECT_VERSION = 1;
				DEVELOPMENT_ASSET_PATHS = "\"Threads/Preview Content\"";
				DEVELOPMENT_TEAM = 4Y3SF6KR8W;
				ENABLE_PREVIEWS = YES;
				GENERATE_INFOPLIST_FILE = YES;
				INFOPLIST_KEY_UIApplicationSceneManifest_Generation = YES;
				INFOPLIST_KEY_UIApplicationSupportsIndirectInputEvents = YES;
				INFOPLIST_KEY_UILaunchScreen_Generation = YES;
				INFOPLIST_KEY_UISupportedInterfaceOrientations_iPad = "UIInterfaceOrientationPortrait UIInterfaceOrientationPortraitUpsideDown UIInterfaceOrientationLandscapeLeft UIInterfaceOrientationLandscapeRight";
				INFOPLIST_KEY_UISupportedInterfaceOrientations_iPhone = "UIInterfaceOrientationPortrait UIInterfaceOrientationLandscapeLeft UIInterfaceOrientationLandscapeRight";
				LD_RUNPATH_SEARCH_PATHS = (
					"$(inherited)",
					"@executable_path/Frameworks",
				);
				MARKETING_VERSION = 1.0;
				PRODUCT_BUNDLE_IDENTIFIER = com.vergaraaa.Threads;
				PRODUCT_NAME = "$(TARGET_NAME)";
				SWIFT_EMIT_LOC_STRINGS = YES;
				SWIFT_VERSION = 5.0;
				TARGETED_DEVICE_FAMILY = "1,2";
			};
			name = Debug;
		};
		F0792E5B2AA3D7C1003A1581 /* Release */ = {
			isa = XCBuildConfiguration;
			buildSettings = {
				ASSETCATALOG_COMPILER_APPICON_NAME = AppIcon;
				ASSETCATALOG_COMPILER_GLOBAL_ACCENT_COLOR_NAME = AccentColor;
				CODE_SIGN_STYLE = Automatic;
				CURRENT_PROJECT_VERSION = 1;
				DEVELOPMENT_ASSET_PATHS = "\"Threads/Preview Content\"";
				DEVELOPMENT_TEAM = 4Y3SF6KR8W;
				ENABLE_PREVIEWS = YES;
				GENERATE_INFOPLIST_FILE = YES;
				INFOPLIST_KEY_UIApplicationSceneManifest_Generation = YES;
				INFOPLIST_KEY_UIApplicationSupportsIndirectInputEvents = YES;
				INFOPLIST_KEY_UILaunchScreen_Generation = YES;
				INFOPLIST_KEY_UISupportedInterfaceOrientations_iPad = "UIInterfaceOrientationPortrait UIInterfaceOrientationPortraitUpsideDown UIInterfaceOrientationLandscapeLeft UIInterfaceOrientationLandscapeRight";
				INFOPLIST_KEY_UISupportedInterfaceOrientations_iPhone = "UIInterfaceOrientationPortrait UIInterfaceOrientationLandscapeLeft UIInterfaceOrientationLandscapeRight";
				LD_RUNPATH_SEARCH_PATHS = (
					"$(inherited)",
					"@executable_path/Frameworks",
				);
				MARKETING_VERSION = 1.0;
				PRODUCT_BUNDLE_IDENTIFIER = com.vergaraaa.Threads;
				PRODUCT_NAME = "$(TARGET_NAME)";
				SWIFT_EMIT_LOC_STRINGS = YES;
				SWIFT_VERSION = 5.0;
				TARGETED_DEVICE_FAMILY = "1,2";
			};
			name = Release;
		};
/* End XCBuildConfiguration section */

/* Begin XCConfigurationList section */
		F0792E462AA3D7C0003A1581 /* Build configuration list for PBXProject "Threads" */ = {
			isa = XCConfigurationList;
			buildConfigurations = (
				F0792E572AA3D7C1003A1581 /* Debug */,
				F0792E582AA3D7C1003A1581 /* Release */,
			);
			defaultConfigurationIsVisible = 0;
			defaultConfigurationName = Release;
		};
		F0792E592AA3D7C1003A1581 /* Build configuration list for PBXNativeTarget "Threads" */ = {
			isa = XCConfigurationList;
			buildConfigurations = (
				F0792E5A2AA3D7C1003A1581 /* Debug */,
				F0792E5B2AA3D7C1003A1581 /* Release */,
			);
			defaultConfigurationIsVisible = 0;
			defaultConfigurationName = Release;
		};
/* End XCConfigurationList section */

/* Begin XCRemoteSwiftPackageReference section */
		F0FE8F582AE04A41007EEC49 /* XCRemoteSwiftPackageReference "firebase-ios-sdk" */ = {
			isa = XCRemoteSwiftPackageReference;
			repositoryURL = "https://github.com/firebase/firebase-ios-sdk";
			requirement = {
				kind = upToNextMajorVersion;
				minimumVersion = 10.16.0;
			};
		};
/* End XCRemoteSwiftPackageReference section */

/* Begin XCSwiftPackageProductDependency section */
		F0FE8F592AE04A41007EEC49 /* FirebaseAnalytics */ = {
			isa = XCSwiftPackageProductDependency;
			package = F0FE8F582AE04A41007EEC49 /* XCRemoteSwiftPackageReference "firebase-ios-sdk" */;
			productName = FirebaseAnalytics;
		};
		F0FE8F5B2AE04A41007EEC49 /* FirebaseAnalyticsOnDeviceConversion */ = {
			isa = XCSwiftPackageProductDependency;
			package = F0FE8F582AE04A41007EEC49 /* XCRemoteSwiftPackageReference "firebase-ios-sdk" */;
			productName = FirebaseAnalyticsOnDeviceConversion;
		};
		F0FE8F5D2AE04A41007EEC49 /* FirebaseAnalyticsSwift */ = {
			isa = XCSwiftPackageProductDependency;
			package = F0FE8F582AE04A41007EEC49 /* XCRemoteSwiftPackageReference "firebase-ios-sdk" */;
			productName = FirebaseAnalyticsSwift;
		};
		F0FE8F5F2AE04A41007EEC49 /* FirebaseAnalyticsWithoutAdIdSupport */ = {
			isa = XCSwiftPackageProductDependency;
			package = F0FE8F582AE04A41007EEC49 /* XCRemoteSwiftPackageReference "firebase-ios-sdk" */;
			productName = FirebaseAnalyticsWithoutAdIdSupport;
		};
		F0FE8F612AE04A41007EEC49 /* FirebaseAppCheck */ = {
			isa = XCSwiftPackageProductDependency;
			package = F0FE8F582AE04A41007EEC49 /* XCRemoteSwiftPackageReference "firebase-ios-sdk" */;
			productName = FirebaseAppCheck;
		};
		F0FE8F632AE04A41007EEC49 /* FirebaseAppDistribution-Beta */ = {
			isa = XCSwiftPackageProductDependency;
			package = F0FE8F582AE04A41007EEC49 /* XCRemoteSwiftPackageReference "firebase-ios-sdk" */;
			productName = "FirebaseAppDistribution-Beta";
		};
		F0FE8F652AE04A41007EEC49 /* FirebaseAuth */ = {
			isa = XCSwiftPackageProductDependency;
			package = F0FE8F582AE04A41007EEC49 /* XCRemoteSwiftPackageReference "firebase-ios-sdk" */;
			productName = FirebaseAuth;
		};
		F0FE8F672AE04A41007EEC49 /* FirebaseAuthCombine-Community */ = {
			isa = XCSwiftPackageProductDependency;
			package = F0FE8F582AE04A41007EEC49 /* XCRemoteSwiftPackageReference "firebase-ios-sdk" */;
			productName = "FirebaseAuthCombine-Community";
		};
		F0FE8F692AE04A41007EEC49 /* FirebaseCrashlytics */ = {
			isa = XCSwiftPackageProductDependency;
			package = F0FE8F582AE04A41007EEC49 /* XCRemoteSwiftPackageReference "firebase-ios-sdk" */;
			productName = FirebaseCrashlytics;
		};
		F0FE8F6B2AE04A41007EEC49 /* FirebaseDatabase */ = {
			isa = XCSwiftPackageProductDependency;
			package = F0FE8F582AE04A41007EEC49 /* XCRemoteSwiftPackageReference "firebase-ios-sdk" */;
			productName = FirebaseDatabase;
		};
		F0FE8F6D2AE04A41007EEC49 /* FirebaseDatabaseSwift */ = {
			isa = XCSwiftPackageProductDependency;
			package = F0FE8F582AE04A41007EEC49 /* XCRemoteSwiftPackageReference "firebase-ios-sdk" */;
			productName = FirebaseDatabaseSwift;
		};
		F0FE8F6F2AE04A41007EEC49 /* FirebaseDynamicLinks */ = {
			isa = XCSwiftPackageProductDependency;
			package = F0FE8F582AE04A41007EEC49 /* XCRemoteSwiftPackageReference "firebase-ios-sdk" */;
			productName = FirebaseDynamicLinks;
		};
		F0FE8F712AE04A41007EEC49 /* FirebaseFirestore */ = {
			isa = XCSwiftPackageProductDependency;
			package = F0FE8F582AE04A41007EEC49 /* XCRemoteSwiftPackageReference "firebase-ios-sdk" */;
			productName = FirebaseFirestore;
		};
		F0FE8F732AE04A41007EEC49 /* FirebaseFirestoreCombine-Community */ = {
			isa = XCSwiftPackageProductDependency;
			package = F0FE8F582AE04A41007EEC49 /* XCRemoteSwiftPackageReference "firebase-ios-sdk" */;
			productName = "FirebaseFirestoreCombine-Community";
		};
		F0FE8F752AE04A41007EEC49 /* FirebaseFirestoreSwift */ = {
			isa = XCSwiftPackageProductDependency;
			package = F0FE8F582AE04A41007EEC49 /* XCRemoteSwiftPackageReference "firebase-ios-sdk" */;
			productName = FirebaseFirestoreSwift;
		};
		F0FE8F772AE04A41007EEC49 /* FirebaseFunctions */ = {
			isa = XCSwiftPackageProductDependency;
			package = F0FE8F582AE04A41007EEC49 /* XCRemoteSwiftPackageReference "firebase-ios-sdk" */;
			productName = FirebaseFunctions;
		};
		F0FE8F792AE04A41007EEC49 /* FirebaseFunctionsCombine-Community */ = {
			isa = XCSwiftPackageProductDependency;
			package = F0FE8F582AE04A41007EEC49 /* XCRemoteSwiftPackageReference "firebase-ios-sdk" */;
			productName = "FirebaseFunctionsCombine-Community";
		};
		F0FE8F7B2AE04A41007EEC49 /* FirebaseInAppMessaging-Beta */ = {
			isa = XCSwiftPackageProductDependency;
			package = F0FE8F582AE04A41007EEC49 /* XCRemoteSwiftPackageReference "firebase-ios-sdk" */;
			productName = "FirebaseInAppMessaging-Beta";
		};
		F0FE8F7D2AE04A41007EEC49 /* FirebaseInAppMessagingSwift-Beta */ = {
			isa = XCSwiftPackageProductDependency;
			package = F0FE8F582AE04A41007EEC49 /* XCRemoteSwiftPackageReference "firebase-ios-sdk" */;
			productName = "FirebaseInAppMessagingSwift-Beta";
		};
		F0FE8F7F2AE04A41007EEC49 /* FirebaseInstallations */ = {
			isa = XCSwiftPackageProductDependency;
			package = F0FE8F582AE04A41007EEC49 /* XCRemoteSwiftPackageReference "firebase-ios-sdk" */;
			productName = FirebaseInstallations;
		};
		F0FE8F812AE04A41007EEC49 /* FirebaseMLModelDownloader */ = {
			isa = XCSwiftPackageProductDependency;
			package = F0FE8F582AE04A41007EEC49 /* XCRemoteSwiftPackageReference "firebase-ios-sdk" */;
			productName = FirebaseMLModelDownloader;
		};
		F0FE8F832AE04A41007EEC49 /* FirebaseMessaging */ = {
			isa = XCSwiftPackageProductDependency;
			package = F0FE8F582AE04A41007EEC49 /* XCRemoteSwiftPackageReference "firebase-ios-sdk" */;
			productName = FirebaseMessaging;
		};
		F0FE8F852AE04A41007EEC49 /* FirebasePerformance */ = {
			isa = XCSwiftPackageProductDependency;
			package = F0FE8F582AE04A41007EEC49 /* XCRemoteSwiftPackageReference "firebase-ios-sdk" */;
			productName = FirebasePerformance;
		};
		F0FE8F872AE04A41007EEC49 /* FirebaseRemoteConfig */ = {
			isa = XCSwiftPackageProductDependency;
			package = F0FE8F582AE04A41007EEC49 /* XCRemoteSwiftPackageReference "firebase-ios-sdk" */;
			productName = FirebaseRemoteConfig;
		};
		F0FE8F892AE04A41007EEC49 /* FirebaseRemoteConfigSwift */ = {
			isa = XCSwiftPackageProductDependency;
			package = F0FE8F582AE04A41007EEC49 /* XCRemoteSwiftPackageReference "firebase-ios-sdk" */;
			productName = FirebaseRemoteConfigSwift;
		};
		F0FE8F8B2AE04A41007EEC49 /* FirebaseStorage */ = {
			isa = XCSwiftPackageProductDependency;
			package = F0FE8F582AE04A41007EEC49 /* XCRemoteSwiftPackageReference "firebase-ios-sdk" */;
			productName = FirebaseStorage;
		};
		F0FE8F8D2AE04A41007EEC49 /* FirebaseStorageCombine-Community */ = {
			isa = XCSwiftPackageProductDependency;
			package = F0FE8F582AE04A41007EEC49 /* XCRemoteSwiftPackageReference "firebase-ios-sdk" */;
			productName = "FirebaseStorageCombine-Community";
		};
/* End XCSwiftPackageProductDependency section */
	};
	rootObject = F0792E432AA3D7C0003A1581 /* Project object */;
}
